github.com/gdimit07/greetings v0.0.0-20240922204917-8edc445fa28b h1:HjmuqtvrPgli3nczvdcTuPt9/4IikGFRNfmc1JsP+wM=
github.com/gdimit07/greetings v0.0.0-20240922204917-8edc445fa28b/go.mod h1:VTe9z+TcGa18Z0rFciK2wPz4EaL99cH/Ctb1PxzGRIs=
github.com/gdimit07/greetings v0.0.0-20240922212846-6d3283849e3e h1:x/Ol0DOQcdtgYNoyjHQkw31QBRsd6xrCvjlYX2l62ug=
github.com/gdimit07/greetings v0.0.0-20240922212846-6d3283849e3e/go.mod h1:SG9ZP93zuHnIPBiuXp3sF4HxCC9OlAjfEsTv/EZZwok=
